
Microsoft Visual Studio Solution File, Format Version 12.00
# Visual Studio 14
VisualStudioVersion = 14.0.25420.1
MinimumVisualStudioVersion = 10.0.40219.1
Project("{FAE04EC0-301F-11D3-BF4B-00C04F79EFBC}") = "ShowHide_Desktop_Icons", "ShowHide_Desktop_Icons\ShowHide_Desktop_Icons.csproj", "{88A76618-E506-46F4-8BD3-32E26AF637E2}"
EndProject
Global
	GlobalSection(SolutionConfigurationPlatforms) = preSolution
		Debug|Any CPU = Debug|Any CPU
		Debug|Default = Debug|Default
		Release|Any CPU = Release|Any CPU
		Release|Default = Release|Default
	EndGlobalSection
	GlobalSection(ProjectConfigurationPlatforms) = postSolution
		{88A76618-E506-46F4-8BD3-32E26AF637E2}.Debug|Any CPU.ActiveCfg = Debug|Any CPU
		{88A76618-E506-46F4-8BD3-32E26AF637E2}.Debug|Any CPU.Build.0 = Debug|Any CPU
		{88A76618-E506-46F4-8BD3-32E26AF637E2}.Debug|Default.ActiveCfg = Debug|Any CPU
		{88A76618-E506-46F4-8BD3-32E26AF637E2}.Release|Any CPU.ActiveCfg = Debug|Any CPU
		{88A76618-E506-46F4-8BD3-32E26AF637E2}.Release|Default.ActiveCfg = Debug|Any CPU
	EndGlobalSection
	GlobalSection(SolutionProperties) = preSolution
		HideSolutionNode = FALSE
	EndGlobalSection
	GlobalSection(SolutionConfigurationPlatforms) = preSolution
		Debug|Any CPU = Debug|Any CPU
		Debug|Default = Debug|Default
		Release|Any CPU = Release|Any CPU
		Release|Default = Release|Default
	EndGlobalSection
	GlobalSection(SolutionConfigurationPlatforms) = preSolution
		Debug|Any CPU = Debug|Any CPU
		Debug|Default = Debug|Default
		Release|Any CPU = Release|Any CPU
		Release|Default = Release|Default
	EndGlobalSection
EndGlobal
